
Microsoft Visual Studio Solution File, Format Version 12.00
# Visual Studio Version 16
VisualStudioVersion = 25.0.1704.5
MinimumVisualStudioVersion = 10.0.40219.1
Project("{FAE04EC0-301F-11D3-BF4B-00C04F79EFBC}") = "ProgramPlugin", "ProgramPlugin.csproj", "{D7B14225-49CE-4DB2-A8BB-019778D9146D}"
EndProject
Global
	GlobalSection(SolutionConfigurationPlatforms) = preSolution
		Debug|Any CPU = Debug|Any CPU
		Release|Any CPU = Release|Any CPU
	EndGlobalSection
	GlobalSection(ProjectConfigurationPlatforms) = postSolution
		{D7B14225-49CE-4DB2-A8BB-019778D9146D}.Debug|Any CPU.ActiveCfg = Debug|Any CPU
		{D7B14225-49CE-4DB2-A8BB-019778D9146D}.Debug|Any CPU.Build.0 = Debug|Any CPU
		{D7B14225-49CE-4DB2-A8BB-019778D9146D}.Release|Any CPU.ActiveCfg = Release|Any CPU
		{D7B14225-49CE-4DB2-A8BB-019778D9146D}.Release|Any CPU.Build.0 = Release|Any CPU
	EndGlobalSection
	GlobalSection(SolutionProperties) = preSolution
		HideSolutionNode = FALSE
	EndGlobalSection
	GlobalSection(ExtensibilityGlobals) = postSolution
		SolutionGuid = {55143CF9-E868-40C3-82DA-2ADDEB03A9C3}
	EndGlobalSection
EndGlobal
